
Microsoft Visual Studio Solution File, Format Version 12.00
# Visual Studio 15
VisualStudioVersion = 15.0.27428.2002
MinimumVisualStudioVersion = 10.0.40219.1
Project("{FAE04EC0-301F-11D3-BF4B-00C04F79EFBC}") = "Insolation.Forum.Api", "Insolation.Forum.Api\Insolation.Forum.Api.csproj", "{3E64F38B-2318-457C-BDB2-B5024EB66593}"
EndProject
Global
	GlobalSection(SolutionConfigurationPlatforms) = preSolution
		Debug|Any CPU = Debug|Any CPU
		Release|Any CPU = Release|Any CPU
	EndGlobalSection
	GlobalSection(ProjectConfigurationPlatforms) = postSolution
		{3E64F38B-2318-457C-BDB2-B5024EB66593}.Debug|Any CPU.ActiveCfg = Debug|Any CPU
		{3E64F38B-2318-457C-BDB2-B5024EB66593}.Debug|Any CPU.Build.0 = Debug|Any CPU
		{3E64F38B-2318-457C-BDB2-B5024EB66593}.Release|Any CPU.ActiveCfg = Release|Any CPU
		{3E64F38B-2318-457C-BDB2-B5024EB66593}.Release|Any CPU.Build.0 = Release|Any CPU
	EndGlobalSection
	GlobalSection(SolutionProperties) = preSolution
		HideSolutionNode = FALSE
	EndGlobalSection
	GlobalSection(ExtensibilityGlobals) = postSolution
		SolutionGuid = {2082F907-2DB2-47E8-A75C-A68EEE246569}
	EndGlobalSection
EndGlobal
